{
    "_readme": [
        "This file locks the dependencies of your project to a known state",
        "Read more about it at https://getcomposer.org/doc/01-basic-usage.md#installing-dependencies",
        "This file is @generated automatically"
    ],
    "content-hash": "1d6f9cd27fbc5cd6783fb95cb94fa8fa",
    "packages": [
        {
            "name": "laminas/laminas-eventmanager",
            "version": "3.5.0",
            "source": {
                "type": "git",
                "url": "https://github.com/laminas/laminas-eventmanager.git",
                "reference": "41f7209428f37cab9573365e361f4078209aaafa"
            },
            "dist": {
                "type": "zip",
                "url": "https://api.github.com/repos/laminas/laminas-eventmanager/zipball/41f7209428f37cab9573365e361f4078209aaafa",
                "reference": "41f7209428f37cab9573365e361f4078209aaafa",
                "shasum": ""
            },
            "require": {
                "php": "^7.4 || ~8.0.0 || ~8.1.0"
            },
            "conflict": {
                "container-interop/container-interop": "<1.2",
                "zendframework/zend-eventmanager": "*"
            },
            "require-dev": {
                "laminas/laminas-coding-standard": "~2.2.1",
                "laminas/laminas-stdlib": "^3.6",
                "phpbench/phpbench": "^1.1",
                "phpspec/prophecy-phpunit": "^2.0",
                "phpunit/phpunit": "^9.5.5",
                "psr/container": "^1.1.2 || ^2.0.2"
            },
            "suggest": {
                "laminas/laminas-stdlib": "^2.7.3 || ^3.0, to use the FilterChain feature",
                "psr/container": "^1.1.2 || ^2.0.2, to use the lazy listeners feature"
            },
            "type": "library",
            "autoload": {
                "psr-4": {
                    "Laminas\\EventManager\\": "src/"
                }
            },
            "notification-url": "https://packagist.org/downloads/",
            "license": [
                "BSD-3-Clause"
            ],
            "description": "Trigger and listen to events within a PHP application",
            "homepage": "https://laminas.dev",
            "keywords": [
                "event",
                "eventmanager",
                "events",
                "laminas"
            ],
            "support": {
                "chat": "https://laminas.dev/chat",
                "docs": "https://docs.laminas.dev/laminas-eventmanager/",
                "forum": "https://discourse.laminas.dev",
                "issues": "https://github.com/laminas/laminas-eventmanager/issues",
                "rss": "https://github.com/laminas/laminas-eventmanager/releases.atom",
                "source": "https://github.com/laminas/laminas-eventmanager"
            },
            "funding": [
                {
                    "url": "https://funding.communitybridge.org/projects/laminas-project",
                    "type": "community_bridge"
                }
            ],
            "time": "2022-04-06T21:05:17+00:00"
        },
        {
            "name": "laminas/laminas-filter",
            "version": "2.14.0",
            "source": {
                "type": "git",
                "url": "https://github.com/laminas/laminas-filter.git",
                "reference": "98a126b8cd069a446054680c9be5f37a61f6dc17"
            },
            "dist": {
                "type": "zip",
                "url": "https://api.github.com/repos/laminas/laminas-filter/zipball/98a126b8cd069a446054680c9be5f37a61f6dc17",
                "reference": "98a126b8cd069a446054680c9be5f37a61f6dc17",
                "shasum": ""
            },
            "require": {
                "laminas/laminas-stdlib": "^3.6.1",
                "php": "^7.4 || ~8.0.0 || ~8.1.0"
            },
            "conflict": {
                "laminas/laminas-validator": "<2.10.1",
                "zendframework/zend-filter": "*"
            },
            "require-dev": {
                "laminas/laminas-coding-standard": "^2.3.0",
                "laminas/laminas-crypt": "^3.5.1",
                "laminas/laminas-servicemanager": "^3.7.0",
                "laminas/laminas-uri": "^2.9.1",
                "pear/archive_tar": "^1.4.14",
                "phpspec/prophecy-phpunit": "^2.0.1",
                "phpunit/phpunit": "^9.5.10",
                "psalm/plugin-phpunit": "^0.15.2",
                "psr/http-factory": "^1.0.1",
                "vimeo/psalm": "^4.13.1"
            },
            "suggest": {
                "laminas/laminas-crypt": "Laminas\\Crypt component, for encryption filters",
                "laminas/laminas-i18n": "Laminas\\I18n component for filters depending on i18n functionality",
                "laminas/laminas-servicemanager": "Laminas\\ServiceManager component, for using the filter chain functionality",
                "laminas/laminas-uri": "Laminas\\Uri component, for the UriNormalize filter",
                "psr/http-factory-implementation": "psr/http-factory-implementation, for creating file upload instances when consuming PSR-7 in file upload filters"
            },
            "type": "library",
            "extra": {
                "laminas": {
                    "component": "Laminas\\Filter",
                    "config-provider": "Laminas\\Filter\\ConfigProvider"
                }
            },
            "autoload": {
                "psr-4": {
                    "Laminas\\Filter\\": "src/"
                }
            },
            "notification-url": "https://packagist.org/downloads/",
            "license": [
                "BSD-3-Clause"
            ],
            "description": "Programmatically filter and normalize data and files",
            "homepage": "https://laminas.dev",
            "keywords": [
                "filter",
                "laminas"
            ],
            "support": {
                "chat": "https://laminas.dev/chat",
                "docs": "https://docs.laminas.dev/laminas-filter/",
                "forum": "https://discourse.laminas.dev",
                "issues": "https://github.com/laminas/laminas-filter/issues",
                "rss": "https://github.com/laminas/laminas-filter/releases.atom",
                "source": "https://github.com/laminas/laminas-filter"
            },
            "funding": [
                {
                    "url": "https://funding.communitybridge.org/projects/laminas-project",
                    "type": "community_bridge"
                }
            ],
            "time": "2022-02-22T23:09:15+00:00"
        },
        {
            "name": "laminas/laminas-form",
            "version": "3.2.0",
            "source": {
                "type": "git",
                "url": "https://github.com/laminas/laminas-form.git",
                "reference": "c1a8474dc459672a30b5817716a797da7a5026a9"
            },
            "dist": {
                "type": "zip",
                "url": "https://api.github.com/repos/laminas/laminas-form/zipball/c1a8474dc459672a30b5817716a797da7a5026a9",
                "reference": "c1a8474dc459672a30b5817716a797da7a5026a9",
                "shasum": ""
            },
            "require": {
                "laminas/laminas-hydrator": "^4.3.1",
                "laminas/laminas-inputfilter": "^2.13.0",
                "laminas/laminas-stdlib": "^3.7.1",
                "php": "^7.4 || ~8.0.0 || ~8.1.0"
            },
            "conflict": {
                "doctrine/annotations": "<1.12.0",
                "laminas/laminas-captcha": "<2.11.0",
                "laminas/laminas-eventmanager": "<3.4.0",
                "laminas/laminas-i18n": "<2.12.0",
                "laminas/laminas-recaptcha": "<3.4.0",
                "laminas/laminas-servicemanager": "<3.10.0",
                "laminas/laminas-view": "<2.14.0"
            },
            "require-dev": {
                "doctrine/annotations": "^1.13.2",
                "ext-intl": "*",
                "laminas/laminas-captcha": "^2.11.0",
                "laminas/laminas-coding-standard": "^2.3.0",
                "laminas/laminas-db": "^2.13.4",
                "laminas/laminas-escaper": "^2.9.0",
                "laminas/laminas-eventmanager": "^3.4.0",
                "laminas/laminas-filter": "^2.14.0",
                "laminas/laminas-i18n": "^2.14.0",
                "laminas/laminas-modulemanager": "^2.11.0",
                "laminas/laminas-recaptcha": "^3.4.0",
                "laminas/laminas-servicemanager": "^3.10.0",
                "laminas/laminas-session": "^2.12.1",
                "laminas/laminas-text": "^2.9.0",
                "laminas/laminas-validator": "^2.16.0",
                "laminas/laminas-view": "^2.19.1",
                "phpspec/prophecy-phpunit": "^2.0.1",
                "phpunit/phpunit": "^9.5.14",
                "psalm/plugin-phpunit": "^0.16.1",
                "vimeo/psalm": "^4.21.0"
            },
            "suggest": {
                "doctrine/annotations": "^1.12, required to use laminas-form annotations support",
                "laminas/laminas-captcha": "^2.11, required for using CAPTCHA form elements",
                "laminas/laminas-eventmanager": "^3.4, reuired for laminas-form annotations support",
                "laminas/laminas-i18n": "^2.12, required when using laminas-form view helpers",
                "laminas/laminas-recaptcha": "^3.4, in order to use the ReCaptcha form element",
                "laminas/laminas-servicemanager": "^3.10, required to use the form factories or provide services",
                "laminas/laminas-view": "^2.14, required for using the laminas-form view helpers"
            },
            "type": "library",
            "extra": {
                "laminas": {
                    "component": "Laminas\\Form",
                    "config-provider": "Laminas\\Form\\ConfigProvider"
                }
            },
            "autoload": {
                "psr-4": {
                    "Laminas\\Form\\": "src/"
                }
            },
            "notification-url": "https://packagist.org/downloads/",
            "license": [
                "BSD-3-Clause"
            ],
            "description": "Validate and display simple and complex forms, casting forms to business objects and vice versa",
            "homepage": "https://laminas.dev",
            "keywords": [
                "form",
                "laminas"
            ],
            "support": {
                "chat": "https://laminas.dev/chat",
                "docs": "https://docs.laminas.dev/laminas-form/",
                "forum": "https://discourse.laminas.dev",
                "issues": "https://github.com/laminas/laminas-form/issues",
                "rss": "https://github.com/laminas/laminas-form/releases.atom",
                "source": "https://github.com/laminas/laminas-form"
            },
            "funding": [
                {
                    "url": "https://funding.communitybridge.org/projects/laminas-project",
                    "type": "community_bridge"
                }
            ],
            "time": "2022-06-16T10:13:15+00:00"
        },
        {
            "name": "laminas/laminas-hydrator",
            "version": "4.3.1",
            "source": {
                "type": "git",
                "url": "https://github.com/laminas/laminas-hydrator.git",
                "reference": "cc5ea6b42d318dbac872d94e8dca2d3013a37ab5"
            },
            "dist": {
                "type": "zip",
                "url": "https://api.github.com/repos/laminas/laminas-hydrator/zipball/cc5ea6b42d318dbac872d94e8dca2d3013a37ab5",
                "reference": "cc5ea6b42d318dbac872d94e8dca2d3013a37ab5",
                "shasum": ""
            },
            "require": {
                "laminas/laminas-stdlib": "^3.3",
                "php": "^7.3 || ~8.0.0 || ~8.1.0",
                "webmozart/assert": "^1.10"
            },
            "conflict": {
                "zendframework/zend-hydrator": "*"
            },
            "require-dev": {
                "laminas/laminas-coding-standard": "~2.3.0",
                "laminas/laminas-eventmanager": "^3.2.1",
                "laminas/laminas-modulemanager": "^2.8",
                "laminas/laminas-serializer": "^2.9",
                "laminas/laminas-servicemanager": "^3.3.2",
                "phpbench/phpbench": "^1.0",
                "phpunit/phpunit": "~9.5.5",
                "psalm/plugin-phpunit": "^0.16.1",
                "psr/cache": "1.0.1",
                "vimeo/psalm": "^4.8.1"
            },
            "suggest": {
                "laminas/laminas-eventmanager": "^3.2, to support aggregate hydrator usage",
                "laminas/laminas-serializer": "^2.9, to use the SerializableStrategy",
                "laminas/laminas-servicemanager": "^3.3, to support hydrator plugin manager usage"
            },
            "type": "library",
            "extra": {
                "laminas": {
                    "component": "Laminas\\Hydrator",
                    "config-provider": "Laminas\\Hydrator\\ConfigProvider"
                }
            },
            "autoload": {
                "psr-4": {
                    "Laminas\\Hydrator\\": "src/"
                }
            },
            "notification-url": "https://packagist.org/downloads/",
            "license": [
                "BSD-3-Clause"
            ],
            "description": "Serialize objects to arrays, and vice versa",
            "homepage": "https://laminas.dev",
            "keywords": [
                "hydrator",
                "laminas"
            ],
            "support": {
                "chat": "https://laminas.dev/chat",
                "docs": "https://docs.laminas.dev/laminas-hydrator/",
                "forum": "https://discourse.laminas.dev",
                "issues": "https://github.com/laminas/laminas-hydrator/issues",
                "rss": "https://github.com/laminas/laminas-hydrator/releases.atom",
                "source": "https://github.com/laminas/laminas-hydrator"
            },
            "funding": [
                {
                    "url": "https://funding.communitybridge.org/projects/laminas-project",
                    "type": "community_bridge"
                }
            ],
            "time": "2021-09-09T09:55:00+00:00"
        },
        {
            "name": "laminas/laminas-inputfilter",
            "version": "2.18.0",
            "source": {
                "type": "git",
                "url": "https://github.com/laminas/laminas-inputfilter.git",
                "reference": "8c663d35926f8276b4bf1a2c571310eb285f80cb"
            },
            "dist": {
                "type": "zip",
                "url": "https://api.github.com/repos/laminas/laminas-inputfilter/zipball/8c663d35926f8276b4bf1a2c571310eb285f80cb",
                "reference": "8c663d35926f8276b4bf1a2c571310eb285f80cb",
                "shasum": ""
            },
            "require": {
                "laminas/laminas-filter": "^2.13",
                "laminas/laminas-servicemanager": "^3.12.0",
                "laminas/laminas-stdlib": "^3.0",
                "laminas/laminas-validator": "^2.15",
                "php": "^7.4 || ~8.0.0 || ~8.1.0"
            },
            "conflict": {
                "zendframework/zend-inputfilter": "*"
            },
            "require-dev": {
                "laminas/laminas-coding-standard": "~2.2.1",
                "laminas/laminas-db": "^2.13.4",
                "phpspec/prophecy": "^1.14",
                "phpspec/prophecy-phpunit": "^2.0",
                "phpunit/phpunit": "^9.5.5",
                "psalm/plugin-phpunit": "^0.15.1",
                "psr/http-message": "^1.0",
                "vimeo/psalm": "^4.6"
            },
            "suggest": {
                "psr/http-message-implementation": "PSR-7 is required if you wish to validate PSR-7 UploadedFileInterface payloads"
            },
            "type": "library",
            "extra": {
                "laminas": {
                    "component": "Laminas\\InputFilter",
                    "config-provider": "Laminas\\InputFilter\\ConfigProvider"
                }
            },
            "autoload": {
                "psr-4": {
                    "Laminas\\InputFilter\\": "src/"
                }
            },
            "notification-url": "https://packagist.org/downloads/",
            "license": [
                "BSD-3-Clause"
            ],
            "description": "Normalize and validate input sets from the web, APIs, the CLI, and more, including files",
            "homepage": "https://laminas.dev",
            "keywords": [
                "inputfilter",
                "laminas"
            ],
            "support": {
                "chat": "https://laminas.dev/chat",
                "docs": "https://docs.laminas.dev/laminas-inputfilter/",
                "forum": "https://discourse.laminas.dev",
                "issues": "https://github.com/laminas/laminas-inputfilter/issues",
                "rss": "https://github.com/laminas/laminas-inputfilter/releases.atom",
                "source": "https://github.com/laminas/laminas-inputfilter"
            },
            "funding": [
                {
                    "url": "https://funding.communitybridge.org/projects/laminas-project",
                    "type": "community_bridge"
                }
            ],
            "time": "2022-06-15T11:40:14+00:00"
        },
        {
            "name": "laminas/laminas-servicemanager",
            "version": "3.14.0",
            "source": {
                "type": "git",
                "url": "https://github.com/laminas/laminas-servicemanager.git",
                "reference": "918de970b2c3d42acebff3d431d76db52b6a32a2"
            },
            "dist": {
                "type": "zip",
                "url": "https://api.github.com/repos/laminas/laminas-servicemanager/zipball/918de970b2c3d42acebff3d431d76db52b6a32a2",
                "reference": "918de970b2c3d42acebff3d431d76db52b6a32a2",
                "shasum": ""
            },
            "require": {
                "laminas/laminas-stdlib": "^3.2.1",
                "php": "~7.4.0 || ~8.0.0 || ~8.1.0",
                "psr/container": "^1.0"
            },
            "conflict": {
                "ext-psr": "*",
                "laminas/laminas-code": "<3.3.1",
                "zendframework/zend-code": "<3.3.1",
                "zendframework/zend-servicemanager": "*"
            },
            "provide": {
                "psr/container-implementation": "^1.0"
            },
            "replace": {
                "container-interop/container-interop": "^1.2.0"
            },
            "require-dev": {
                "composer/package-versions-deprecated": "^1.0",
                "laminas/laminas-coding-standard": "~2.3.0",
                "laminas/laminas-container-config-test": "^0.6",
                "laminas/laminas-dependency-plugin": "^2.1.2",
                "mikey179/vfsstream": "^1.6.10@alpha",
                "ocramius/proxy-manager": "^2.11",
                "phpbench/phpbench": "^1.1",
                "phpspec/prophecy-phpunit": "^2.0",
                "phpunit/phpunit": "^9.5.5",
                "psalm/plugin-phpunit": "^0.17.0",
                "vimeo/psalm": "^4.8"
            },
            "suggest": {
                "ocramius/proxy-manager": "ProxyManager ^2.1.1 to handle lazy initialization of services"
            },
            "bin": [
                "bin/generate-deps-for-config-factory",
                "bin/generate-factory-for-class"
            ],
            "type": "library",
            "autoload": {
                "files": [
                    "src/autoload.php"
                ],
                "psr-4": {
                    "Laminas\\ServiceManager\\": "src/"
                }
            },
            "notification-url": "https://packagist.org/downloads/",
            "license": [
                "BSD-3-Clause"
            ],
            "description": "Factory-Driven Dependency Injection Container",
            "homepage": "https://laminas.dev",
            "keywords": [
                "PSR-11",
                "dependency-injection",
                "di",
                "dic",
                "laminas",
                "service-manager",
                "servicemanager"
            ],
            "support": {
                "chat": "https://laminas.dev/chat",
                "docs": "https://docs.laminas.dev/laminas-servicemanager/",
                "forum": "https://discourse.laminas.dev",
                "issues": "https://github.com/laminas/laminas-servicemanager/issues",
                "rss": "https://github.com/laminas/laminas-servicemanager/releases.atom",
                "source": "https://github.com/laminas/laminas-servicemanager"
            },
            "funding": [
                {
                    "url": "https://funding.communitybridge.org/projects/laminas-project",
                    "type": "community_bridge"
                }
            ],
            "time": "2022-07-07T16:13:26+00:00"
        },
        {
            "name": "laminas/laminas-session",
            "version": "2.12.1",
            "source": {
                "type": "git",
                "url": "https://github.com/laminas/laminas-session.git",
                "reference": "888c6a344e9a4c9f34ab6e09346640eac9be3fcf"
            },
            "dist": {
                "type": "zip",
                "url": "https://api.github.com/repos/laminas/laminas-session/zipball/888c6a344e9a4c9f34ab6e09346640eac9be3fcf",
                "reference": "888c6a344e9a4c9f34ab6e09346640eac9be3fcf",
                "shasum": ""
            },
            "require": {
                "laminas/laminas-eventmanager": "^3.4",
                "laminas/laminas-stdlib": "^3.6",
                "php": "^7.3 || ~8.0.0 || ~8.1.0"
            },
            "conflict": {
                "zendframework/zend-session": "*"
            },
            "require-dev": {
                "container-interop/container-interop": "^1.1",
                "laminas/laminas-cache": "3.0.x-dev",
                "laminas/laminas-cache-storage-adapter-memory": "2.0.x-dev",
                "laminas/laminas-coding-standard": "~2.2.1",
                "laminas/laminas-db": "^2.13.4",
                "laminas/laminas-http": "^2.15",
                "laminas/laminas-servicemanager": "^3.7",
                "laminas/laminas-validator": "^2.15",
                "mongodb/mongodb": "v1.9.x-dev",
                "php-mock/php-mock-phpunit": "^1.1.2 || ^2.0",
                "phpspec/prophecy-phpunit": "^2.0",
                "phpunit/phpunit": "^9.5.9"
            },
            "suggest": {
                "laminas/laminas-cache": "Laminas\\Cache component",
                "laminas/laminas-db": "Laminas\\Db component",
                "laminas/laminas-http": "Laminas\\Http component",
                "laminas/laminas-servicemanager": "Laminas\\ServiceManager component",
                "laminas/laminas-validator": "Laminas\\Validator component",
                "mongodb/mongodb": "If you want to use the MongoDB session save handler"
            },
            "type": "library",
            "extra": {
                "laminas": {
                    "component": "Laminas\\Session",
                    "config-provider": "Laminas\\Session\\ConfigProvider"
                }
            },
            "autoload": {
                "psr-4": {
                    "Laminas\\Session\\": "src/"
                }
            },
            "notification-url": "https://packagist.org/downloads/",
            "license": [
                "BSD-3-Clause"
            ],
            "description": "Object-oriented interface to PHP sessions and storage",
            "homepage": "https://laminas.dev",
            "keywords": [
                "laminas",
                "session"
            ],
            "support": {
                "chat": "https://laminas.dev/chat",
                "docs": "https://docs.laminas.dev/laminas-session/",
                "forum": "https://discourse.laminas.dev",
                "issues": "https://github.com/laminas/laminas-session/issues",
                "rss": "https://github.com/laminas/laminas-session/releases.atom",
                "source": "https://github.com/laminas/laminas-session"
            },
            "funding": [
                {
                    "url": "https://funding.communitybridge.org/projects/laminas-project",
                    "type": "community_bridge"
                }
            ],
            "time": "2022-02-15T16:38:29+00:00"
        },
        {
            "name": "laminas/laminas-stdlib",
            "version": "3.10.1",
            "source": {
                "type": "git",
                "url": "https://github.com/laminas/laminas-stdlib.git",
                "reference": "0d669074845fc80a99add0f64025192f143ef836"
            },
            "dist": {
                "type": "zip",
                "url": "https://api.github.com/repos/laminas/laminas-stdlib/zipball/0d669074845fc80a99add0f64025192f143ef836",
                "reference": "0d669074845fc80a99add0f64025192f143ef836",
                "shasum": ""
            },
            "require": {
                "php": "^7.3 || ~8.0.0 || ~8.1.0"
            },
            "conflict": {
                "zendframework/zend-stdlib": "*"
            },
            "require-dev": {
                "laminas/laminas-coding-standard": "~2.3.0",
                "phpbench/phpbench": "^1.0",
                "phpunit/phpunit": "^9.3.7",
                "psalm/plugin-phpunit": "^0.16.0",
                "vimeo/psalm": "^4.7"
            },
            "type": "library",
            "autoload": {
                "psr-4": {
                    "Laminas\\Stdlib\\": "src/"
                }
            },
            "notification-url": "https://packagist.org/downloads/",
            "license": [
                "BSD-3-Clause"
            ],
            "description": "SPL extensions, array utilities, error handlers, and more",
            "homepage": "https://laminas.dev",
            "keywords": [
                "laminas",
                "stdlib"
            ],
            "support": {
                "chat": "https://laminas.dev/chat",
                "docs": "https://docs.laminas.dev/laminas-stdlib/",
                "forum": "https://discourse.laminas.dev",
                "issues": "https://github.com/laminas/laminas-stdlib/issues",
                "rss": "https://github.com/laminas/laminas-stdlib/releases.atom",
                "source": "https://github.com/laminas/laminas-stdlib"
            },
            "funding": [
                {
                    "url": "https://funding.communitybridge.org/projects/laminas-project",
                    "type": "community_bridge"
                }
            ],
            "time": "2022-06-10T14:49:09+00:00"
        },
        {
            "name": "laminas/laminas-validator",
            "version": "2.20.1",
            "source": {
                "type": "git",
                "url": "https://github.com/laminas/laminas-validator.git",
                "reference": "90304417929a51e42999b115907a39f4b658c131"
            },
            "dist": {
                "type": "zip",
                "url": "https://api.github.com/repos/laminas/laminas-validator/zipball/90304417929a51e42999b115907a39f4b658c131",
                "reference": "90304417929a51e42999b115907a39f4b658c131",
                "shasum": ""
            },
            "require": {
                "laminas/laminas-servicemanager": "^3.12.0",
                "laminas/laminas-stdlib": "^3.10",
                "php": "^7.4 || ~8.0.0 || ~8.1.0"
            },
            "conflict": {
                "zendframework/zend-validator": "*"
            },
            "require-dev": {
                "laminas/laminas-cache": "^2.6.1",
                "laminas/laminas-coding-standard": "~2.2.1",
                "laminas/laminas-db": "^2.7",
                "laminas/laminas-filter": "^2.14.0",
                "laminas/laminas-http": "^2.14.2",
                "laminas/laminas-i18n": "^2.15.0",
                "laminas/laminas-session": "^2.12.1",
                "laminas/laminas-uri": "^2.9.1",
                "phpspec/prophecy-phpunit": "^2.0",
                "phpunit/phpunit": "^9.5.5",
                "psalm/plugin-phpunit": "^0.15.0",
                "psr/http-client": "^1.0",
                "psr/http-factory": "^1.0",
                "psr/http-message": "^1.0",
                "vimeo/psalm": "^4.23"
            },
            "suggest": {
                "laminas/laminas-db": "Laminas\\Db component, required by the (No)RecordExists validator",
                "laminas/laminas-filter": "Laminas\\Filter component, required by the Digits validator",
                "laminas/laminas-i18n": "Laminas\\I18n component to allow translation of validation error messages",
                "laminas/laminas-i18n-resources": "Translations of validator messages",
                "laminas/laminas-servicemanager": "Laminas\\ServiceManager component to allow using the ValidatorPluginManager and validator chains",
                "laminas/laminas-session": "Laminas\\Session component, ^2.8; required by the Csrf validator",
                "laminas/laminas-uri": "Laminas\\Uri component, required by the Uri and Sitemap\\Loc validators",
                "psr/http-message": "psr/http-message, required when validating PSR-7 UploadedFileInterface instances via the Upload and UploadFile validators"
            },
            "type": "library",
            "extra": {
                "laminas": {
                    "component": "Laminas\\Validator",
                    "config-provider": "Laminas\\Validator\\ConfigProvider"
                }
            },
            "autoload": {
                "psr-4": {
                    "Laminas\\Validator\\": "src/"
                }
            },
            "notification-url": "https://packagist.org/downloads/",
            "license": [
                "BSD-3-Clause"
            ],
            "description": "Validation classes for a wide range of domains, and the ability to chain validators to create complex validation criteria",
            "homepage": "https://laminas.dev",
            "keywords": [
                "laminas",
                "validator"
            ],
            "support": {
                "chat": "https://laminas.dev/chat",
                "docs": "https://docs.laminas.dev/laminas-validator/",
                "forum": "https://discourse.laminas.dev",
                "issues": "https://github.com/laminas/laminas-validator/issues",
                "rss": "https://github.com/laminas/laminas-validator/releases.atom",
                "source": "https://github.com/laminas/laminas-validator"
            },
            "funding": [
                {
                    "url": "https://funding.communitybridge.org/projects/laminas-project",
                    "type": "community_bridge"
                }
            ],
            "time": "2022-07-01T07:39:15+00:00"
        },
        {
            "name": "psr/container",
            "version": "1.1.2",
            "source": {
                "type": "git",
                "url": "https://github.com/php-fig/container.git",
                "reference": "513e0666f7216c7459170d56df27dfcefe1689ea"
            },
            "dist": {
                "type": "zip",
                "url": "https://api.github.com/repos/php-fig/container/zipball/513e0666f7216c7459170d56df27dfcefe1689ea",
                "reference": "513e0666f7216c7459170d56df27dfcefe1689ea",
                "shasum": ""
            },
            "require": {
                "php": ">=7.4.0"
            },
            "type": "library",
            "autoload": {
                "psr-4": {
                    "Psr\\Container\\": "src/"
                }
            },
            "notification-url": "https://packagist.org/downloads/",
            "license": [
                "MIT"
            ],
            "authors": [
                {
                    "name": "PHP-FIG",
                    "homepage": "https://www.php-fig.org/"
                }
            ],
            "description": "Common Container Interface (PHP FIG PSR-11)",
            "homepage": "https://github.com/php-fig/container",
            "keywords": [
                "PSR-11",
                "container",
                "container-interface",
                "container-interop",
                "psr"
            ],
            "support": {
                "issues": "https://github.com/php-fig/container/issues",
                "source": "https://github.com/php-fig/container/tree/1.1.2"
            },
            "time": "2021-11-05T16:50:12+00:00"
        },
        {
            "name": "webmozart/assert",
            "version": "1.11.0",
            "source": {
                "type": "git",
                "url": "https://github.com/webmozarts/assert.git",
                "reference": "11cb2199493b2f8a3b53e7f19068fc6aac760991"
            },
            "dist": {
                "type": "zip",
                "url": "https://api.github.com/repos/webmozarts/assert/zipball/11cb2199493b2f8a3b53e7f19068fc6aac760991",
                "reference": "11cb2199493b2f8a3b53e7f19068fc6aac760991",
                "shasum": ""
            },
            "require": {
                "ext-ctype": "*",
                "php": "^7.2 || ^8.0"
            },
            "conflict": {
                "phpstan/phpstan": "<0.12.20",
                "vimeo/psalm": "<4.6.1 || 4.6.2"
            },
            "require-dev": {
                "phpunit/phpunit": "^8.5.13"
            },
            "type": "library",
            "extra": {
                "branch-alias": {
                    "dev-master": "1.10-dev"
                }
            },
            "autoload": {
                "psr-4": {
                    "Webmozart\\Assert\\": "src/"
                }
            },
            "notification-url": "https://packagist.org/downloads/",
            "license": [
                "MIT"
            ],
            "authors": [
                {
                    "name": "Bernhard Schussek",
                    "email": "bschussek@gmail.com"
                }
            ],
            "description": "Assertions to validate method input/output with nice error messages.",
            "keywords": [
                "assert",
                "check",
                "validate"
            ],
            "support": {
                "issues": "https://github.com/webmozarts/assert/issues",
                "source": "https://github.com/webmozarts/assert/tree/1.11.0"
            },
            "time": "2022-06-03T18:03:27+00:00"
        }
    ],
    "packages-dev": [],
    "aliases": [],
    "minimum-stability": "stable",
    "stability-flags": [],
    "prefer-stable": false,
    "prefer-lowest": false,
    "platform": [],
    "platform-dev": [],
    "plugin-api-version": "2.1.0"
}
